# THIS IS AN AUTOGENERATED FILE. DO NOT EDIT THIS FILE DIRECTLY.
# yarn lockfile v1


"@babel/runtime@^7.9.6":
  version "7.10.3"
  resolved "https://registry.yarnpkg.com/@babel/runtime/-/runtime-7.10.3.tgz#670d002655a7c366540c67f6fd3342cd09500364"
  integrity sha512-RzGO0RLSdokm9Ipe/YD+7ww8X2Ro79qiXZF3HU9ljrM+qnJmH1Vqth+hbiQZy761LnMJTMitHDuKVYTk3k4dLw==
  dependencies:
    regenerator-runtime "^0.13.4"

"@types/yup@^0.29.3":
  version "0.29.3"
  resolved "https://registry.yarnpkg.com/@types/yup/-/yup-0.29.3.tgz#5a85024796bffe0eb01601bfc180fe218356dba4"
  integrity sha512-XxZFKnxzTfm+DR8MMBA35UUXfUPmjPpi8HJ90VZg7q/LIbtiOhVGJ26gNnATcflcpnIyf2Qm9A+oEhswaqoDpA==

"@unform/core@^2.1.3":
  version "2.1.3"
  resolved "https://registry.yarnpkg.com/@unform/core/-/core-2.1.3.tgz#d3529f9f7a75d71a93f21d2b324d3f41806096d9"
  integrity sha512-d6xQJWFrLfEyfN7f5t2IdYBLJE/OrvPKILCzGKPSoAmY3+vAnEc4CPE5l6zB+LxWSfMn69QhsqzI20tIRNT7EA==
  dependencies:
    dot-object "^2.1.2"

"@unform/web@^2.1.3":
  version "2.1.3"
  resolved "https://registry.yarnpkg.com/@unform/web/-/web-2.1.3.tgz#4f53db60c16e9e90b8faa82100bbee8cf198d4cb"
  integrity sha512-yiY6r3TAinphVxyQ5iKDrKJQkg21oRlYe0WfIoXxs9VKiFPSZ5xb1pz3Kti3kTgOP9BYLVX5ovcCwuVWCrjHYg==

balanced-match@^1.0.0:
  version "1.0.0"
  resolved "https://registry.yarnpkg.com/balanced-match/-/balanced-match-1.0.0.tgz#89b4d199ab2bee49de164ea02b89ce462d71b767"
  integrity sha1-ibTRmasr7kneFk6gK4nORi1xt2c=

brace-expansion@^1.1.7:
  version "1.1.11"
  resolved "https://registry.yarnpkg.com/brace-expansion/-/brace-expansion-1.1.11.tgz#3c7fcbf529d87226f3d2f52b966ff5271eb441dd"
  integrity sha512-iCuPHDFgrHX7H2vEI/5xpz07zSHB00TpugqhmYtVmMO6518mCuRMoOYFldEBl0g187ufozdaHgWKcYFb61qGiA==
  dependencies:
    balanced-match "^1.0.0"
    concat-map "0.0.1"

commander@^4.0.0:
  version "4.1.1"
  resolved "https://registry.yarnpkg.com/commander/-/commander-4.1.1.tgz#9fd602bd936294e9e9ef46a3f4d6964044b18068"
  integrity sha512-NOKm8xhkzAjzFx8B2v5OAHT+u5pRQc2UCa2Vq9jYL/31o2wi9mxBA7LIFs3sV5VSC49z6pEhfbMULvShKj26WA==

concat-map@0.0.1:
  version "0.0.1"
  resolved "https://registry.yarnpkg.com/concat-map/-/concat-map-0.0.1.tgz#d8a96bd77fd68df7793a73036a3ba0d5405d477b"
  integrity sha1-2Klr13/Wjfd5OnMDajug1UBdR3s=

dot-object@^2.1.2:
  version "2.1.3"
  resolved "https://registry.yarnpkg.com/dot-object/-/dot-object-2.1.3.tgz#aa261fdefd232f0edb17e77ff4708bbed6f04b2e"
  integrity sha512-YihsbZiGU2nEXQs1vjwjBNDJ85BMRHO4ahybAsuHERCxUecFoyt4xM3NO4GskNj8hFLRsgrwE4xBDe8XSOAiYg==
  dependencies:
    commander "^4.0.0"
    glob "^7.1.5"

fn-name@~3.0.0:
  version "3.0.0"
  resolved "https://registry.yarnpkg.com/fn-name/-/fn-name-3.0.0.tgz#0596707f635929634d791f452309ab41558e3c5c"
  integrity sha512-eNMNr5exLoavuAMhIUVsOKF79SWd/zG104ef6sxBTSw+cZc6BXdQXDvYcGvp0VbxVVSp1XDUNoz7mg1xMtSznA==

fs.realpath@^1.0.0:
  version "1.0.0"
  resolved "https://registry.yarnpkg.com/fs.realpath/-/fs.realpath-1.0.0.tgz#1504ad2523158caa40db4a2787cb01411994ea4f"
  integrity sha1-FQStJSMVjKpA20onh8sBQRmU6k8=

glob@^7.1.5:
  version "7.1.6"
  resolved "https://registry.yarnpkg.com/glob/-/glob-7.1.6.tgz#141f33b81a7c2492e125594307480c46679278a6"
  integrity sha512-LwaxwyZ72Lk7vZINtNNrywX0ZuLyStrdDtabefZKAY5ZGJhVtgdznluResxNmPitE0SAO+O26sWTHeKSI2wMBA==
  dependencies:
    fs.realpath "^1.0.0"
    inflight "^1.0.4"
    inherits "2"
    minimatch "^3.0.4"
    once "^1.3.0"
    path-is-absolute "^1.0.0"

inflight@^1.0.4:
  version "1.0.6"
  resolved "https://registry.yarnpkg.com/inflight/-/inflight-1.0.6.tgz#49bd6331d7d02d0c09bc910a1075ba8165b56df9"
  integrity sha1-Sb1jMdfQLQwJvJEKEHW6gWW1bfk=
  dependencies:
    once "^1.3.0"
    wrappy "1"

inherits@2:
  version "2.0.4"
  resolved "https://registry.yarnpkg.com/inherits/-/inherits-2.0.4.tgz#0fa2c64f932917c3433a0ded55363aae37416b7c"
  integrity sha512-k/vGaX4/Yla3WzyMCvTQOXYeIHvqOKtnqBduzTHpzpQZzAskKMhZ2K+EnBiSM9zGSoIFeMpXKxa4dYeZIQqewQ==

lodash-es@^4.17.11:
  version "4.17.15"
  resolved "https://registry.yarnpkg.com/lodash-es/-/lodash-es-4.17.15.tgz#21bd96839354412f23d7a10340e5eac6ee455d78"
  integrity sha512-rlrc3yU3+JNOpZ9zj5pQtxnx2THmvRykwL4Xlxoa8I9lHBlVbbyPhgyPMioxVZ4NqyxaVVtaJnzsyOidQIhyyQ==

lodash@^4.17.15:
  version "4.17.15"
  resolved "https://registry.yarnpkg.com/lodash/-/lodash-4.17.15.tgz#b447f6670a0455bbfeedd11392eff330ea097548"
  integrity sha512-8xOcRHvCjnocdS5cpwXQXVzmmh5e5+saE2QGoeQmbKmRS6J3VQppPOIt0MnmE+4xlZoumy0GPG0D0MVIQbNA1A==

minimatch@^3.0.4:
  version "3.0.4"
  resolved "https://registry.yarnpkg.com/minimatch/-/minimatch-3.0.4.tgz#5166e286457f03306064be5497e8dbb0c3d32083"
  integrity sha512-yJHVQEhyqPLUTgt9B83PXu6W3rx4MvvHvSUvToogpwoGDOUQ+yDrR0HRot+yOCdCO7u4hX3pWft6kWBBcqh0UA==
  dependencies:
    brace-expansion "^1.1.7"

once@^1.3.0:
  version "1.4.0"
  resolved "https://registry.yarnpkg.com/once/-/once-1.4.0.tgz#583b1aa775961d4b113ac17d9c50baef9dd76bd1"
  integrity sha1-WDsap3WWHUsROsF9nFC6753Xa9E=
  dependencies:
    wrappy "1"

path-is-absolute@^1.0.0:
  version "1.0.1"
  resolved "https://registry.yarnpkg.com/path-is-absolute/-/path-is-absolute-1.0.1.tgz#174b9268735534ffbc7ace6bf53a5a9e1b5c5f5f"
  integrity sha1-F0uSaHNVNP+8es5r9TpanhtcX18=

property-expr@^2.0.2:
  version "2.0.2"
  resolved "https://registry.yarnpkg.com/property-expr/-/property-expr-2.0.2.tgz#fff2a43919135553a3bc2fdd94bdb841965b2330"
  integrity sha512-bc/5ggaYZxNkFKj374aLbEDqVADdYaLcFo8XBkishUWbaAdjlphaBFns9TvRA2pUseVL/wMFmui9X3IdNDU37g==

regenerator-runtime@^0.13.4:
  version "0.13.5"
  resolved "https://registry.yarnpkg.com/regenerator-runtime/-/regenerator-runtime-0.13.5.tgz#d878a1d094b4306d10b9096484b33ebd55e26697"
  integrity sha512-ZS5w8CpKFinUzOwW3c83oPeVXoNsrLsaCoLtJvAClH135j/R77RuymhiSErhm2lKcwSCIpmvIWSbDkIfAqKQlA==

synchronous-promise@^2.0.10:
  version "2.0.13"
  resolved "https://registry.yarnpkg.com/synchronous-promise/-/synchronous-promise-2.0.13.tgz#9d8c165ddee69c5a6542862b405bc50095926702"
  integrity sha512-R9N6uDkVsghHePKh1TEqbnLddO2IY25OcsksyFp/qBe7XYd0PVbKEWxhcdMhpLzE1I6skj5l4aEZ3CRxcbArlA==

toposort@^2.0.2:
  version "2.0.2"
  resolved "https://registry.yarnpkg.com/toposort/-/toposort-2.0.2.tgz#ae21768175d1559d48bef35420b2f4962f09c330"
  integrity sha1-riF2gXXRVZ1IvvNUILL0li8JwzA=

wrappy@1:
  version "1.0.2"
  resolved "https://registry.yarnpkg.com/wrappy/-/wrappy-1.0.2.tgz#b5243d8f3ec1aa35f1364605bc0d1036e30ab69f"
  integrity sha1-tSQ9jz7BqjXxNkYFvA0QNuMKtp8=

yup@^0.29.1:
  version "0.29.1"
  resolved "https://registry.yarnpkg.com/yup/-/yup-0.29.1.tgz#35d25aab470a0c3950f66040ba0ff4b1b6efe0d9"
  integrity sha512-U7mPIbgfQWI6M3hZCJdGFrr+U0laG28FxMAKIgNvgl7OtyYuUoc4uy9qCWYHZjh49b8T7Ug8NNDdiMIEytcXrQ==
  dependencies:
    "@babel/runtime" "^7.9.6"
    fn-name "~3.0.0"
    lodash "^4.17.15"
    lodash-es "^4.17.11"
    property-expr "^2.0.2"
    synchronous-promise "^2.0.10"
    toposort "^2.0.2"
